
Microsoft Visual Studio Solution File, Format Version 12.00
# Visual Studio Version 17
VisualStudioVersion = 17.4.33103.184
MinimumVisualStudioVersion = 10.0.40219.1
Project("{FAE04EC0-301F-11D3-BF4B-00C04F79EFBC}") = "DashboardParameters", "DashboardParameters\DashboardParameters.csproj", "{AB0FCF16-86F6-4327-BCC2-917E450A2971}"
EndProject
Global
	GlobalSection(SolutionConfigurationPlatforms) = preSolution
		Debug|Any CPU = Debug|Any CPU
		Release|Any CPU = Release|Any CPU
	EndGlobalSection
	GlobalSection(ProjectConfigurationPlatforms) = postSolution
		{AB0FCF16-86F6-4327-BCC2-917E450A2971}.Debug|Any CPU.ActiveCfg = Debug|Any CPU
		{AB0FCF16-86F6-4327-BCC2-917E450A2971}.Debug|Any CPU.Build.0 = Debug|Any CPU
		{AB0FCF16-86F6-4327-BCC2-917E450A2971}.Release|Any CPU.ActiveCfg = Release|Any CPU
		{AB0FCF16-86F6-4327-BCC2-917E450A2971}.Release|Any CPU.Build.0 = Release|Any CPU
	EndGlobalSection
	GlobalSection(SolutionProperties) = preSolution
		HideSolutionNode = FALSE
	EndGlobalSection
	GlobalSection(ExtensibilityGlobals) = postSolution
		SolutionGuid = {CE42A9DD-7F0E-4BC8-8EE5-9691D983EC77}
	EndGlobalSection
EndGlobal
